{
  "requires": true,
  "lockfileVersion": 1,
  "dependencies": {
    "classnames": {
      "version": "2.2.6",
      "resolved": "http://registry.npm.taobao.org/classnames/download/classnames-2.2.6.tgz",
      "integrity": "sha1-Q5Nb/90pHzJtrQogUwmzjQD2UM4="
    },
    "js-tokens": {
      "version": "4.0.0",
      "resolved": "http://registry.npm.taobao.org/js-tokens/download/js-tokens-4.0.0.tgz",
      "integrity": "sha1-GSA/tZmR35jjoocFDUZHzerzJJk="
    },
    "lodash.throttle": {
      "version": "4.1.1",
      "resolved": "http://registry.npm.taobao.org/lodash.throttle/download/lodash.throttle-4.1.1.tgz",
      "integrity": "sha1-wj6RtxAkKscMN/HhzaknTMOb8vQ="
    },
    "loose-envify": {
      "version": "1.4.0",
      "resolved": "http://registry.npm.taobao.org/loose-envify/download/loose-envify-1.4.0.tgz",
      "integrity": "sha1-ce5R+nvkyuwaY4OffmgtgTLTDK8=",
      "requires": {
        "js-tokens": "^3.0.0 || ^4.0.0"
      }
    },
    "object-assign": {
      "version": "4.1.1",
      "resolved": "http://registry.npm.taobao.org/object-assign/download/object-assign-4.1.1.tgz",
      "integrity": "sha1-IQmtx5ZYh8/AXLvUQsrIv7s2CGM="
    },
    "prop-types": {
      "version": "15.6.2",
      "resolved": "http://registry.npm.taobao.org/prop-types/download/prop-types-15.6.2.tgz",
      "integrity": "sha1-BdXKd7RFPphdYPx/+MhZCUpJcQI=",
      "requires": {
        "loose-envify": "^1.3.1",
        "object-assign": "^4.1.1"
      }
    },
    "react": {
      "version": "16.5.2",
      "resolved": "http://registry.npm.taobao.org/react/download/react-16.5.2.tgz",
      "integrity": "sha1-Gfa0RO0Tm6pFYJ7ubcPTGLOJXUI=",
      "requires": {
        "loose-envify": "^1.1.0",
        "object-assign": "^4.1.1",
        "prop-types": "^15.6.2",
        "schedule": "^0.5.0"
      }
    },
    "react-dom": {
      "version": "16.5.2",
      "resolved": "http://registry.npm.taobao.org/react-dom/download/react-dom-16.5.2.tgz",
      "integrity": "sha1-tp7keqILq1MnsrnXwf4qMPLPqdc=",
      "requires": {
        "loose-envify": "^1.1.0",
        "object-assign": "^4.1.1",
        "prop-types": "^15.6.2",
        "schedule": "^0.5.0"
      }
    },
    "redux": {
      "version": "4.0.0",
      "resolved": "http://registry.npm.taobao.org/redux/download/redux-4.0.0.tgz",
      "integrity": "sha1-qmmKkrcpMV0is0oFU9fmUzVVzAM=",
      "requires": {
        "loose-envify": "^1.1.0",
        "symbol-observable": "^1.2.0"
      }
    },
    "schedule": {
      "version": "0.5.0",
      "resolved": "http://registry.npm.taobao.org/schedule/download/schedule-0.5.0.tgz",
      "integrity": "sha1-wSj/+gtAJIiwi1WudLud9VzCnMg=",
      "requires": {
        "object-assign": "^4.1.1"
      }
    },
    "symbol-observable": {
      "version": "1.2.0",
      "resolved": "http://registry.npm.taobao.org/symbol-observable/download/symbol-observable-1.2.0.tgz",
      "integrity": "sha1-wiaIrtTqs83C3+rLtWFmBWCgCAQ="
    },
    "video-react": {
      "version": "0.13.0",
      "resolved": "http://registry.npm.taobao.org/video-react/download/video-react-0.13.0.tgz",
      "integrity": "sha1-E9c8b4iYmeEnVRe1QOlsw0NAFak=",
      "requires": {
        "classnames": "^2.2.3",
        "lodash.throttle": "^4.1.1",
        "prop-types": "^15.5.8",
        "redux": "^4.0.0"
      }
    }
  }
}
